
Microsoft Visual Studio Solution File, Format Version 12.00
# Visual Studio Version 17
VisualStudioVersion = 17.4.33103.184
MinimumVisualStudioVersion = 10.0.40219.1
Project("{FAE04EC0-301F-11D3-BF4B-00C04F79EFBC}") = "movie.data", "movie.data\movie.data.csproj", "{4D65771C-3FD9-4D1A-AC38-DA316FD225D2}"
EndProject
Project("{FAE04EC0-301F-11D3-BF4B-00C04F79EFBC}") = "movie.common", "movie.common\movie.common.csproj", "{7E520015-85F6-47A2-BD47-E75AE83DC327}"
EndProject
Project("{FAE04EC0-301F-11D3-BF4B-00C04F79EFBC}") = "movie.core", "movie.services\movie.core.csproj", "{4822B279-C518-4402-A31B-707C64C95E5C}"
EndProject
Project("{FAE04EC0-301F-11D3-BF4B-00C04F79EFBC}") = "movie.web", "movie.web\movie.web.csproj", "{C5A9BFFE-E310-4C2D-8C6B-485BBE7A4980}"
EndProject
Global
	GlobalSection(SolutionConfigurationPlatforms) = preSolution
		Debug|Any CPU = Debug|Any CPU
		Release|Any CPU = Release|Any CPU
	EndGlobalSection
	GlobalSection(ProjectConfigurationPlatforms) = postSolution
		{4D65771C-3FD9-4D1A-AC38-DA316FD225D2}.Debug|Any CPU.ActiveCfg = Debug|Any CPU
		{4D65771C-3FD9-4D1A-AC38-DA316FD225D2}.Debug|Any CPU.Build.0 = Debug|Any CPU
		{4D65771C-3FD9-4D1A-AC38-DA316FD225D2}.Release|Any CPU.ActiveCfg = Release|Any CPU
		{4D65771C-3FD9-4D1A-AC38-DA316FD225D2}.Release|Any CPU.Build.0 = Release|Any CPU
		{7E520015-85F6-47A2-BD47-E75AE83DC327}.Debug|Any CPU.ActiveCfg = Debug|Any CPU
		{7E520015-85F6-47A2-BD47-E75AE83DC327}.Debug|Any CPU.Build.0 = Debug|Any CPU
		{7E520015-85F6-47A2-BD47-E75AE83DC327}.Release|Any CPU.ActiveCfg = Release|Any CPU
		{7E520015-85F6-47A2-BD47-E75AE83DC327}.Release|Any CPU.Build.0 = Release|Any CPU
		{4822B279-C518-4402-A31B-707C64C95E5C}.Debug|Any CPU.ActiveCfg = Debug|Any CPU
		{4822B279-C518-4402-A31B-707C64C95E5C}.Debug|Any CPU.Build.0 = Debug|Any CPU
		{4822B279-C518-4402-A31B-707C64C95E5C}.Release|Any CPU.ActiveCfg = Release|Any CPU
		{4822B279-C518-4402-A31B-707C64C95E5C}.Release|Any CPU.Build.0 = Release|Any CPU
		{C5A9BFFE-E310-4C2D-8C6B-485BBE7A4980}.Debug|Any CPU.ActiveCfg = Debug|Any CPU
		{C5A9BFFE-E310-4C2D-8C6B-485BBE7A4980}.Debug|Any CPU.Build.0 = Debug|Any CPU
		{C5A9BFFE-E310-4C2D-8C6B-485BBE7A4980}.Release|Any CPU.ActiveCfg = Release|Any CPU
		{C5A9BFFE-E310-4C2D-8C6B-485BBE7A4980}.Release|Any CPU.Build.0 = Release|Any CPU
	EndGlobalSection
	GlobalSection(SolutionProperties) = preSolution
		HideSolutionNode = FALSE
	EndGlobalSection
	GlobalSection(ExtensibilityGlobals) = postSolution
		SolutionGuid = {3FAB6370-53E0-4028-8B10-51FF6E4BBD80}
	EndGlobalSection
EndGlobal
